
Microsoft Visual Studio Solution File, Format Version 12.00
# Visual Studio Version 17
VisualStudioVersion = 17.4.33213.308
MinimumVisualStudioVersion = 10.0.40219.1
Project("{FAE04EC0-301F-11D3-BF4B-00C04F79EFBC}") = "Labo3WPF", "Labo3WPF\Labo3WPF.csproj", "{A5A5CBDE-CEBE-49CA-9941-6AC50B1B394C}"
EndProject
Global
	GlobalSection(SolutionConfigurationPlatforms) = preSolution
		Debug|Any CPU = Debug|Any CPU
		Release|Any CPU = Release|Any CPU
	EndGlobalSection
	GlobalSection(ProjectConfigurationPlatforms) = postSolution
		{A5A5CBDE-CEBE-49CA-9941-6AC50B1B394C}.Debug|Any CPU.ActiveCfg = Debug|Any CPU
		{A5A5CBDE-CEBE-49CA-9941-6AC50B1B394C}.Debug|Any CPU.Build.0 = Debug|Any CPU
		{A5A5CBDE-CEBE-49CA-9941-6AC50B1B394C}.Release|Any CPU.ActiveCfg = Release|Any CPU
		{A5A5CBDE-CEBE-49CA-9941-6AC50B1B394C}.Release|Any CPU.Build.0 = Release|Any CPU
	EndGlobalSection
	GlobalSection(SolutionProperties) = preSolution
		HideSolutionNode = FALSE
	EndGlobalSection
	GlobalSection(ExtensibilityGlobals) = postSolution
		SolutionGuid = {EACCEFDE-A0C8-432A-9EC5-0694B355AFED}
	EndGlobalSection
EndGlobal
