
Microsoft Visual Studio Solution File, Format Version 12.00
# Visual Studio Version 17
VisualStudioVersion = 17.4.33213.308
MinimumVisualStudioVersion = 10.0.40219.1
Project("{FAE04EC0-301F-11D3-BF4B-00C04F79EFBC}") = "codering_oplossing", "codering_oplossing.csproj", "{979983A1-CF4F-41AB-8D97-BE6220A63CF5}"
EndProject
Global
	GlobalSection(SolutionConfigurationPlatforms) = preSolution
		Debug|x86 = Debug|x86
		Release|x86 = Release|x86
	EndGlobalSection
	GlobalSection(ProjectConfigurationPlatforms) = postSolution
		{979983A1-CF4F-41AB-8D97-BE6220A63CF5}.Debug|x86.ActiveCfg = Debug|x86
		{979983A1-CF4F-41AB-8D97-BE6220A63CF5}.Debug|x86.Build.0 = Debug|x86
		{979983A1-CF4F-41AB-8D97-BE6220A63CF5}.Release|x86.ActiveCfg = Release|x86
		{979983A1-CF4F-41AB-8D97-BE6220A63CF5}.Release|x86.Build.0 = Release|x86
	EndGlobalSection
	GlobalSection(SolutionProperties) = preSolution
		HideSolutionNode = FALSE
	EndGlobalSection
	GlobalSection(ExtensibilityGlobals) = postSolution
		SolutionGuid = {3C2E9A7C-A136-4B9C-B747-ACFAC7E0789B}
	EndGlobalSection
EndGlobal
