
Microsoft Visual Studio Solution File, Format Version 12.00
# Visual Studio Version 17
VisualStudioVersion = 17.4.33213.308
MinimumVisualStudioVersion = 10.0.40219.1
Project("{9A19103F-16F7-4668-BE54-9A1E7A4F7556}") = "Bibliotheek_Console", "Bibliotheek_Console\Bibliotheek_Console.csproj", "{645B404E-793D-4FC0-95BE-5C1039F0FF7F}"
EndProject
Project("{9A19103F-16F7-4668-BE54-9A1E7A4F7556}") = "Bibliotheek", "Bibliotheek\Bibliotheek.csproj", "{3169B5A5-F7DE-4BCF-9FEA-560691DBCE59}"
EndProject
Global
	GlobalSection(SolutionConfigurationPlatforms) = preSolution
		Debug|Any CPU = Debug|Any CPU
		Release|Any CPU = Release|Any CPU
	EndGlobalSection
	GlobalSection(ProjectConfigurationPlatforms) = postSolution
		{645B404E-793D-4FC0-95BE-5C1039F0FF7F}.Debug|Any CPU.ActiveCfg = Debug|Any CPU
		{645B404E-793D-4FC0-95BE-5C1039F0FF7F}.Debug|Any CPU.Build.0 = Debug|Any CPU
		{645B404E-793D-4FC0-95BE-5C1039F0FF7F}.Release|Any CPU.ActiveCfg = Release|Any CPU
		{645B404E-793D-4FC0-95BE-5C1039F0FF7F}.Release|Any CPU.Build.0 = Release|Any CPU
		{3169B5A5-F7DE-4BCF-9FEA-560691DBCE59}.Debug|Any CPU.ActiveCfg = Debug|Any CPU
		{3169B5A5-F7DE-4BCF-9FEA-560691DBCE59}.Debug|Any CPU.Build.0 = Debug|Any CPU
		{3169B5A5-F7DE-4BCF-9FEA-560691DBCE59}.Release|Any CPU.ActiveCfg = Release|Any CPU
		{3169B5A5-F7DE-4BCF-9FEA-560691DBCE59}.Release|Any CPU.Build.0 = Release|Any CPU
	EndGlobalSection
	GlobalSection(SolutionProperties) = preSolution
		HideSolutionNode = FALSE
	EndGlobalSection
	GlobalSection(ExtensibilityGlobals) = postSolution
		SolutionGuid = {F7C87C29-9691-447B-ABF3-DCE948D52458}
	EndGlobalSection
EndGlobal
