
Microsoft Visual Studio Solution File, Format Version 12.00
# Visual Studio Version 17
VisualStudioVersion = 17.4.33213.308
MinimumVisualStudioVersion = 10.0.40219.1
Project("{FAE04EC0-301F-11D3-BF4B-00C04F79EFBC}") = "Blaadjes", "Blaadjes\Blaadjes.csproj", "{CAC4F747-B667-4C68-80AB-45ED2C3D560B}"
EndProject
Global
	GlobalSection(SolutionConfigurationPlatforms) = preSolution
		Debug|Any CPU = Debug|Any CPU
		Release|Any CPU = Release|Any CPU
	EndGlobalSection
	GlobalSection(ProjectConfigurationPlatforms) = postSolution
		{CAC4F747-B667-4C68-80AB-45ED2C3D560B}.Debug|Any CPU.ActiveCfg = Debug|Any CPU
		{CAC4F747-B667-4C68-80AB-45ED2C3D560B}.Debug|Any CPU.Build.0 = Debug|Any CPU
		{CAC4F747-B667-4C68-80AB-45ED2C3D560B}.Release|Any CPU.ActiveCfg = Release|Any CPU
		{CAC4F747-B667-4C68-80AB-45ED2C3D560B}.Release|Any CPU.Build.0 = Release|Any CPU
	EndGlobalSection
	GlobalSection(SolutionProperties) = preSolution
		HideSolutionNode = FALSE
	EndGlobalSection
	GlobalSection(ExtensibilityGlobals) = postSolution
		SolutionGuid = {04EBC617-158B-48FC-A5FB-6A3118302C2E}
	EndGlobalSection
EndGlobal
